// !$*UTF8*$!
{
	archiveVersion = 1;
	classes = {
	};
	objectVersion = 77;
	objects = {

/* Begin PBXBuildFile section */
		66F5F095B53E0808B2A12F6E /* Pods_SkinCancerDetectorTests.framework in Frameworks */ = {isa = PBXBuildFile; fileRef = 66D872955DE2CF03B626FE21 /* Pods_SkinCancerDetectorTests.framework */; };
		9C8EEB9522E10FA9D331953A /* Pods_SkinCancerDetector.framework in Frameworks */ = {isa = PBXBuildFile; fileRef = 8833DFF4AB10E3D3E037D438 /* Pods_SkinCancerDetector.framework */; };
		FC35FE4060ABDCBFBC51E0BF /* Pods_SkinCancerDetector_SkinCancerDetectorUITests.framework in Frameworks */ = {isa = PBXBuildFile; fileRef = 4E9D03CDD129B6B176941125 /* Pods_SkinCancerDetector_SkinCancerDetectorUITests.framework */; };
/* End PBXBuildFile section */

/* Begin PBXContainerItemProxy section */
		6500DD472CE0D08F0047D5BA /* PBXContainerItemProxy */ = {
			isa = PBXContainerItemProxy;
			containerPortal = 6500DD2D2CE0D08E0047D5BA /* Project object */;
			proxyType = 1;
			remoteGlobalIDString = 6500DD342CE0D08E0047D5BA;
			remoteInfo = SkinCancerDetector;
		};
		6500DD512CE0D08F0047D5BA /* PBXContainerItemProxy */ = {
			isa = PBXContainerItemProxy;
			containerPortal = 6500DD2D2CE0D08E0047D5BA /* Project object */;
			proxyType = 1;
			remoteGlobalIDString = 6500DD342CE0D08E0047D5BA;
			remoteInfo = SkinCancerDetector;
		};
/* End PBXContainerItemProxy section */

/* Begin PBXFileReference section */
		14ADA488747C816F03E9EC68 /* Pods-SkinCancerDetector.release.xcconfig */ = {isa = PBXFileReference; includeInIndex = 1; lastKnownFileType = text.xcconfig; name = "Pods-SkinCancerDetector.release.xcconfig"; path = "Target Support Files/Pods-SkinCancerDetector/Pods-SkinCancerDetector.release.xcconfig"; sourceTree = "<group>"; };
		4D8AE7B39BA9E10E7DCED7AD /* Pods-SkinCancerDetector.debug.xcconfig */ = {isa = PBXFileReference; includeInIndex = 1; lastKnownFileType = text.xcconfig; name = "Pods-SkinCancerDetector.debug.xcconfig"; path = "Target Support Files/Pods-SkinCancerDetector/Pods-SkinCancerDetector.debug.xcconfig"; sourceTree = "<group>"; };
		4E9D03CDD129B6B176941125 /* Pods_SkinCancerDetector_SkinCancerDetectorUITests.framework */ = {isa = PBXFileReference; explicitFileType = wrapper.framework; includeInIndex = 0; path = Pods_SkinCancerDetector_SkinCancerDetectorUITests.framework; sourceTree = BUILT_PRODUCTS_DIR; };
		50742BD8959AAED0AC0F6B7B /* Pods-SkinCancerDetectorTests.release.xcconfig */ = {isa = PBXFileReference; includeInIndex = 1; lastKnownFileType = text.xcconfig; name = "Pods-SkinCancerDetectorTests.release.xcconfig"; path = "Target Support Files/Pods-SkinCancerDetectorTests/Pods-SkinCancerDetectorTests.release.xcconfig"; sourceTree = "<group>"; };
		6500DD352CE0D08E0047D5BA /* SkinCancerDetector.app */ = {isa = PBXFileReference; explicitFileType = wrapper.application; includeInIndex = 0; path = SkinCancerDetector.app; sourceTree = BUILT_PRODUCTS_DIR; };
		6500DD462CE0D08F0047D5BA /* SkinCancerDetectorTests.xctest */ = {isa = PBXFileReference; explicitFileType = wrapper.cfbundle; includeInIndex = 0; path = SkinCancerDetectorTests.xctest; sourceTree = BUILT_PRODUCTS_DIR; };
		6500DD502CE0D08F0047D5BA /* SkinCancerDetectorUITests.xctest */ = {isa = PBXFileReference; explicitFileType = wrapper.cfbundle; includeInIndex = 0; path = SkinCancerDetectorUITests.xctest; sourceTree = BUILT_PRODUCTS_DIR; };
		66D872955DE2CF03B626FE21 /* Pods_SkinCancerDetectorTests.framework */ = {isa = PBXFileReference; explicitFileType = wrapper.framework; includeInIndex = 0; path = Pods_SkinCancerDetectorTests.framework; sourceTree = BUILT_PRODUCTS_DIR; };
		71D68B548AD8AF9918839E74 /* Pods-SkinCancerDetector-SkinCancerDetectorUITests.debug.xcconfig */ = {isa = PBXFileReference; includeInIndex = 1; lastKnownFileType = text.xcconfig; name = "Pods-SkinCancerDetector-SkinCancerDetectorUITests.debug.xcconfig"; path = "Target Support Files/Pods-SkinCancerDetector-SkinCancerDetectorUITests/Pods-SkinCancerDetector-SkinCancerDetectorUITests.debug.xcconfig"; sourceTree = "<group>"; };
		8833DFF4AB10E3D3E037D438 /* Pods_SkinCancerDetector.framework */ = {isa = PBXFileReference; explicitFileType = wrapper.framework; includeInIndex = 0; path = Pods_SkinCancerDetector.framework; sourceTree = BUILT_PRODUCTS_DIR; };
		B34BDCE567E758737EDDC02B /* Pods-SkinCancerDetectorTests.debug.xcconfig */ = {isa = PBXFileReference; includeInIndex = 1; lastKnownFileType = text.xcconfig; name = "Pods-SkinCancerDetectorTests.debug.xcconfig"; path = "Target Support Files/Pods-SkinCancerDetectorTests/Pods-SkinCancerDetectorTests.debug.xcconfig"; sourceTree = "<group>"; };
		F48157772EDD59B525BB5602 /* Pods-SkinCancerDetector-SkinCancerDetectorUITests.release.xcconfig */ = {isa = PBXFileReference; includeInIndex = 1; lastKnownFileType = text.xcconfig; name = "Pods-SkinCancerDetector-SkinCancerDetectorUITests.release.xcconfig"; path = "Target Support Files/Pods-SkinCancerDetector-SkinCancerDetectorUITests/Pods-SkinCancerDetector-SkinCancerDetectorUITests.release.xcconfig"; sourceTree = "<group>"; };
/* End PBXFileReference section */

/* Begin PBXFileSystemSynchronizedRootGroup section */
		6500DD372CE0D08E0047D5BA /* SkinCancerDetector */ = {
			isa = PBXFileSystemSynchronizedRootGroup;
			path = SkinCancerDetector;
			sourceTree = "<group>";
		};
		6500DD492CE0D08F0047D5BA /* SkinCancerDetectorTests */ = {
			isa = PBXFileSystemSynchronizedRootGroup;
			path = SkinCancerDetectorTests;
			sourceTree = "<group>";
		};
		6500DD532CE0D08F0047D5BA /* SkinCancerDetectorUITests */ = {
			isa = PBXFileSystemSynchronizedRootGroup;
			path = SkinCancerDetectorUITests;
			sourceTree = "<group>";
		};
/* End PBXFileSystemSynchronizedRootGroup section */

/* Begin PBXFrameworksBuildPhase section */
		6500DD322CE0D08E0047D5BA /* Frameworks */ = {
			isa = PBXFrameworksBuildPhase;
			buildActionMask = 2147483647;
			files = (
				9C8EEB9522E10FA9D331953A /* Pods_SkinCancerDetector.framework in Frameworks */,
			);
			runOnlyForDeploymentPostprocessing = 0;
		};
		6500DD432CE0D08F0047D5BA /* Frameworks */ = {
			isa = PBXFrameworksBuildPhase;
			buildActionMask = 2147483647;
			files = (
				66F5F095B53E0808B2A12F6E /* Pods_SkinCancerDetectorTests.framework in Frameworks */,
			);
			runOnlyForDeploymentPostprocessing = 0;
		};
		6500DD4D2CE0D08F0047D5BA /* Frameworks */ = {
			isa = PBXFrameworksBuildPhase;
			buildActionMask = 2147483647;
			files = (
				FC35FE4060ABDCBFBC51E0BF /* Pods_SkinCancerDetector_SkinCancerDetectorUITests.framework in Frameworks */,
			);
			runOnlyForDeploymentPostprocessing = 0;
		};
/* End PBXFrameworksBuildPhase section */

/* Begin PBXGroup section */
		0FC9186EAB91D2CB736A7A1A /* Pods */ = {
			isa = PBXGroup;
			children = (
				4D8AE7B39BA9E10E7DCED7AD /* Pods-SkinCancerDetector.debug.xcconfig */,
				14ADA488747C816F03E9EC68 /* Pods-SkinCancerDetector.release.xcconfig */,
				71D68B548AD8AF9918839E74 /* Pods-SkinCancerDetector-SkinCancerDetectorUITests.debug.xcconfig */,
				F48157772EDD59B525BB5602 /* Pods-SkinCancerDetector-SkinCancerDetectorUITests.release.xcconfig */,
				B34BDCE567E758737EDDC02B /* Pods-SkinCancerDetectorTests.debug.xcconfig */,
				50742BD8959AAED0AC0F6B7B /* Pods-SkinCancerDetectorTests.release.xcconfig */,
			);
			path = Pods;
			sourceTree = "<group>";
		};
		6500DD2C2CE0D08E0047D5BA = {
			isa = PBXGroup;
			children = (
				6500DD372CE0D08E0047D5BA /* SkinCancerDetector */,
				6500DD492CE0D08F0047D5BA /* SkinCancerDetectorTests */,
				6500DD532CE0D08F0047D5BA /* SkinCancerDetectorUITests */,
				6500DD362CE0D08E0047D5BA /* Products */,
				0FC9186EAB91D2CB736A7A1A /* Pods */,
				8E302A92043B607E0531D295 /* Frameworks */,
			);
			sourceTree = "<group>";
		};
		6500DD362CE0D08E0047D5BA /* Products */ = {
			isa = PBXGroup;
			children = (
				6500DD352CE0D08E0047D5BA /* SkinCancerDetector.app */,
				6500DD462CE0D08F0047D5BA /* SkinCancerDetectorTests.xctest */,
				6500DD502CE0D08F0047D5BA /* SkinCancerDetectorUITests.xctest */,
			);
			name = Products;
			sourceTree = "<group>";
		};
		8E302A92043B607E0531D295 /* Frameworks */ = {
			isa = PBXGroup;
			children = (
				8833DFF4AB10E3D3E037D438 /* Pods_SkinCancerDetector.framework */,
				4E9D03CDD129B6B176941125 /* Pods_SkinCancerDetector_SkinCancerDetectorUITests.framework */,
				66D872955DE2CF03B626FE21 /* Pods_SkinCancerDetectorTests.framework */,
			);
			name = Frameworks;
			sourceTree = "<group>";
		};
/* End PBXGroup section */

/* Begin PBXNativeTarget section */
		6500DD342CE0D08E0047D5BA /* SkinCancerDetector */ = {
			isa = PBXNativeTarget;
			buildConfigurationList = 6500DD5A2CE0D08F0047D5BA /* Build configuration list for PBXNativeTarget "SkinCancerDetector" */;
			buildPhases = (
				FCC3976A4C90EA9B80F95F25 /* [CP] Check Pods Manifest.lock */,
				6500DD312CE0D08E0047D5BA /* Sources */,
				6500DD322CE0D08E0047D5BA /* Frameworks */,
				6500DD332CE0D08E0047D5BA /* Resources */,
			);
			buildRules = (
			);
			dependencies = (
			);
			fileSystemSynchronizedGroups = (
				6500DD372CE0D08E0047D5BA /* SkinCancerDetector */,
			);
			name = SkinCancerDetector;
			productName = SkinCancerDetector;
			productReference = 6500DD352CE0D08E0047D5BA /* SkinCancerDetector.app */;
			productType = "com.apple.product-type.application";
		};
		6500DD452CE0D08F0047D5BA /* SkinCancerDetectorTests */ = {
			isa = PBXNativeTarget;
			buildConfigurationList = 6500DD5D2CE0D08F0047D5BA /* Build configuration list for PBXNativeTarget "SkinCancerDetectorTests" */;
			buildPhases = (
				93F10642312D92A7487E8271 /* [CP] Check Pods Manifest.lock */,
				6500DD422CE0D08F0047D5BA /* Sources */,
				6500DD432CE0D08F0047D5BA /* Frameworks */,
				6500DD442CE0D08F0047D5BA /* Resources */,
			);
			buildRules = (
			);
			dependencies = (
				6500DD482CE0D08F0047D5BA /* PBXTargetDependency */,
			);
			fileSystemSynchronizedGroups = (
				6500DD492CE0D08F0047D5BA /* SkinCancerDetectorTests */,
			);
			name = SkinCancerDetectorTests;
			productName = SkinCancerDetectorTests;
			productReference = 6500DD462CE0D08F0047D5BA /* SkinCancerDetectorTests.xctest */;
			productType = "com.apple.product-type.bundle.unit-test";
		};
		6500DD4F2CE0D08F0047D5BA /* SkinCancerDetectorUITests */ = {
			isa = PBXNativeTarget;
			buildConfigurationList = 6500DD602CE0D08F0047D5BA /* Build configuration list for PBXNativeTarget "SkinCancerDetectorUITests" */;
			buildPhases = (
				6AA7625E010925B37D948FE9 /* [CP] Check Pods Manifest.lock */,
				6500DD4C2CE0D08F0047D5BA /* Sources */,
				6500DD4D2CE0D08F0047D5BA /* Frameworks */,
				6500DD4E2CE0D08F0047D5BA /* Resources */,
			);
			buildRules = (
			);
			dependencies = (
				6500DD522CE0D08F0047D5BA /* PBXTargetDependency */,
			);
			fileSystemSynchronizedGroups = (
				6500DD532CE0D08F0047D5BA /* SkinCancerDetectorUITests */,
			);
			name = SkinCancerDetectorUITests;
			productName = SkinCancerDetectorUITests;
			productReference = 6500DD502CE0D08F0047D5BA /* SkinCancerDetectorUITests.xctest */;
			productType = "com.apple.product-type.bundle.ui-testing";
		};
/* End PBXNativeTarget section */

/* Begin PBXProject section */
		6500DD2D2CE0D08E0047D5BA /* Project object */ = {
			isa = PBXProject;
			attributes = {
				BuildIndependentTargetsInParallel = 1;
				LastSwiftUpdateCheck = 1600;
				LastUpgradeCheck = 1600;
				TargetAttributes = {
					6500DD342CE0D08E0047D5BA = {
						CreatedOnToolsVersion = 16.0;
						LastSwiftMigration = 1600;
					};
					6500DD452CE0D08F0047D5BA = {
						CreatedOnToolsVersion = 16.0;
						TestTargetID = 6500DD342CE0D08E0047D5BA;
					};
					6500DD4F2CE0D08F0047D5BA = {
						CreatedOnToolsVersion = 16.0;
						TestTargetID = 6500DD342CE0D08E0047D5BA;
					};
				};
			};
			buildConfigurationList = 6500DD302CE0D08E0047D5BA /* Build configuration list for PBXProject "SkinCancerDetector" */;
			developmentRegion = en;
			hasScannedForEncodings = 0;
			knownRegions = (
				en,
				Base,
			);
			mainGroup = 6500DD2C2CE0D08E0047D5BA;
			minimizedProjectReferenceProxies = 1;
			preferredProjectObjectVersion = 77;
			productRefGroup = 6500DD362CE0D08E0047D5BA /* Products */;
			projectDirPath = "";
			projectRoot = "";
			targets = (
				6500DD342CE0D08E0047D5BA /* SkinCancerDetector */,
				6500DD452CE0D08F0047D5BA /* SkinCancerDetectorTests */,
				6500DD4F2CE0D08F0047D5BA /* SkinCancerDetectorUITests */,
			);
		};
/* End PBXProject section */

/* Begin PBXResourcesBuildPhase section */
		6500DD332CE0D08E0047D5BA /* Resources */ = {
			isa = PBXResourcesBuildPhase;
			buildActionMask = 2147483647;
			files = (
			);
			runOnlyForDeploymentPostprocessing = 0;
		};
		6500DD442CE0D08F0047D5BA /* Resources */ = {
			isa = PBXResourcesBuildPhase;
			buildActionMask = 2147483647;
			files = (
			);
			runOnlyForDeploymentPostprocessing = 0;
		};
		6500DD4E2CE0D08F0047D5BA /* Resources */ = {
			isa = PBXResourcesBuildPhase;
			buildActionMask = 2147483647;
			files = (
			);
			runOnlyForDeploymentPostprocessing = 0;
		};
/* End PBXResourcesBuildPhase section */

/* Begin PBXShellScriptBuildPhase section */
		6AA7625E010925B37D948FE9 /* [CP] Check Pods Manifest.lock */ = {
			isa = PBXShellScriptBuildPhase;
			buildActionMask = 2147483647;
			files = (
			);
			inputFileListPaths = (
			);
			inputPaths = (
				"${PODS_PODFILE_DIR_PATH}/Podfile.lock",
				"${PODS_ROOT}/Manifest.lock",
			);
			name = "[CP] Check Pods Manifest.lock";
			outputFileListPaths = (
			);
			outputPaths = (
				"$(DERIVED_FILE_DIR)/Pods-SkinCancerDetector-SkinCancerDetectorUITests-checkManifestLockResult.txt",
			);
			runOnlyForDeploymentPostprocessing = 0;
			shellPath = /bin/sh;
			shellScript = "diff \"${PODS_PODFILE_DIR_PATH}/Podfile.lock\" \"${PODS_ROOT}/Manifest.lock\" > /dev/null\nif [ $? != 0 ] ; then\n    # print error to STDERR\n    echo \"error: The sandbox is not in sync with the Podfile.lock. Run 'pod install' or update your CocoaPods installation.\" >&2\n    exit 1\nfi\n# This output is used by Xcode 'outputs' to avoid re-running this script phase.\necho \"SUCCESS\" > \"${SCRIPT_OUTPUT_FILE_0}\"\n";
			showEnvVarsInLog = 0;
		};
		93F10642312D92A7487E8271 /* [CP] Check Pods Manifest.lock */ = {
			isa = PBXShellScriptBuildPhase;
			buildActionMask = 2147483647;
			files = (
			);
			inputFileListPaths = (
			);
			inputPaths = (
				"${PODS_PODFILE_DIR_PATH}/Podfile.lock",
				"${PODS_ROOT}/Manifest.lock",
			);
			name = "[CP] Check Pods Manifest.lock";
			outputFileListPaths = (
			);
			outputPaths = (
				"$(DERIVED_FILE_DIR)/Pods-SkinCancerDetectorTests-checkManifestLockResult.txt",
			);
			runOnlyForDeploymentPostprocessing = 0;
			shellPath = /bin/sh;
			shellScript = "diff \"${PODS_PODFILE_DIR_PATH}/Podfile.lock\" \"${PODS_ROOT}/Manifest.lock\" > /dev/null\nif [ $? != 0 ] ; then\n    # print error to STDERR\n    echo \"error: The sandbox is not in sync with the Podfile.lock. Run 'pod install' or update your CocoaPods installation.\" >&2\n    exit 1\nfi\n# This output is used by Xcode 'outputs' to avoid re-running this script phase.\necho \"SUCCESS\" > \"${SCRIPT_OUTPUT_FILE_0}\"\n";
			showEnvVarsInLog = 0;
		};
		FCC3976A4C90EA9B80F95F25 /* [CP] Check Pods Manifest.lock */ = {
			isa = PBXShellScriptBuildPhase;
			buildActionMask = 2147483647;
			files = (
			);
			inputFileListPaths = (
			);
			inputPaths = (
				"${PODS_PODFILE_DIR_PATH}/Podfile.lock",
				"${PODS_ROOT}/Manifest.lock",
			);
			name = "[CP] Check Pods Manifest.lock";
			outputFileListPaths = (
			);
			outputPaths = (
				"$(DERIVED_FILE_DIR)/Pods-SkinCancerDetector-checkManifestLockResult.txt",
			);
			runOnlyForDeploymentPostprocessing = 0;
			shellPath = /bin/sh;
			shellScript = "diff \"${PODS_PODFILE_DIR_PATH}/Podfile.lock\" \"${PODS_ROOT}/Manifest.lock\" > /dev/null\nif [ $? != 0 ] ; then\n    # print error to STDERR\n    echo \"error: The sandbox is not in sync with the Podfile.lock. Run 'pod install' or update your CocoaPods installation.\" >&2\n    exit 1\nfi\n# This output is used by Xcode 'outputs' to avoid re-running this script phase.\necho \"SUCCESS\" > \"${SCRIPT_OUTPUT_FILE_0}\"\n";
			showEnvVarsInLog = 0;
		};
/* End PBXShellScriptBuildPhase section */

/* Begin PBXSourcesBuildPhase section */
		6500DD312CE0D08E0047D5BA /* Sources */ = {
			isa = PBXSourcesBuildPhase;
			buildActionMask = 2147483647;
			files = (
			);
			runOnlyForDeploymentPostprocessing = 0;
		};
		6500DD422CE0D08F0047D5BA /* Sources */ = {
			isa = PBXSourcesBuildPhase;
			buildActionMask = 2147483647;
			files = (
			);
			runOnlyForDeploymentPostprocessing = 0;
		};
		6500DD4C2CE0D08F0047D5BA /* Sources */ = {
			isa = PBXSourcesBuildPhase;
			buildActionMask = 2147483647;
			files = (
			);
			runOnlyForDeploymentPostprocessing = 0;
		};
/* End PBXSourcesBuildPhase section */

/* Begin PBXTargetDependency section */
		6500DD482CE0D08F0047D5BA /* PBXTargetDependency */ = {
			isa = PBXTargetDependency;
			target = 6500DD342CE0D08E0047D5BA /* SkinCancerDetector */;
			targetProxy = 6500DD472CE0D08F0047D5BA /* PBXContainerItemProxy */;
		};
		6500DD522CE0D08F0047D5BA /* PBXTargetDependency */ = {
			isa = PBXTargetDependency;
			target = 6500DD342CE0D08E0047D5BA /* SkinCancerDetector */;
			targetProxy = 6500DD512CE0D08F0047D5BA /* PBXContainerItemProxy */;
		};
/* End PBXTargetDependency section */

/* Begin XCBuildConfiguration section */
		6500DD582CE0D08F0047D5BA /* Debug */ = {
			isa = XCBuildConfiguration;
			buildSettings = {
				ALWAYS_SEARCH_USER_PATHS = NO;
				ASSETCATALOG_COMPILER_GENERATE_SWIFT_ASSET_SYMBOL_EXTENSIONS = YES;
				CLANG_ANALYZER_NONNULL = YES;
				CLANG_ANALYZER_NUMBER_OBJECT_CONVERSION = YES_AGGRESSIVE;
				CLANG_CXX_LANGUAGE_STANDARD = "gnu++20";
				CLANG_ENABLE_MODULES = YES;
				CLANG_ENABLE_OBJC_ARC = YES;
				CLANG_ENABLE_OBJC_WEAK = YES;
				CLANG_WARN_BLOCK_CAPTURE_AUTORELEASING = YES;
				CLANG_WARN_BOOL_CONVERSION = YES;
				CLANG_WARN_COMMA = YES;
				CLANG_WARN_CONSTANT_CONVERSION = YES;
				CLANG_WARN_DEPRECATED_OBJC_IMPLEMENTATIONS = YES;
				CLANG_WARN_DIRECT_OBJC_ISA_USAGE = YES_ERROR;
				CLANG_WARN_DOCUMENTATION_COMMENTS = YES;
				CLANG_WARN_EMPTY_BODY = YES;
				CLANG_WARN_ENUM_CONVERSION = YES;
				CLANG_WARN_INFINITE_RECURSION = YES;
				CLANG_WARN_INT_CONVERSION = YES;
				CLANG_WARN_NON_LITERAL_NULL_CONVERSION = YES;
				CLANG_WARN_OBJC_IMPLICIT_RETAIN_SELF = YES;
				CLANG_WARN_OBJC_LITERAL_CONVERSION = YES;
				CLANG_WARN_OBJC_ROOT_CLASS = YES_ERROR;
				CLANG_WARN_QUOTED_INCLUDE_IN_FRAMEWORK_HEADER = YES;
				CLANG_WARN_RANGE_LOOP_ANALYSIS = YES;
				CLANG_WARN_STRICT_PROTOTYPES = YES;
				CLANG_WARN_SUSPICIOUS_MOVE = YES;
				CLANG_WARN_UNGUARDED_AVAILABILITY = YES_AGGRESSIVE;
				CLANG_WARN_UNREACHABLE_CODE = YES;
				CLANG_WARN__DUPLICATE_METHOD_MATCH = YES;
				COPY_PHASE_STRIP = NO;
				DEBUG_INFORMATION_FORMAT = dwarf;
				ENABLE_STRICT_OBJC_MSGSEND = YES;
				ENABLE_TESTABILITY = YES;
				ENABLE_USER_SCRIPT_SANDBOXING = YES;
				GCC_C_LANGUAGE_STANDARD = gnu17;
				GCC_DYNAMIC_NO_PIC = NO;
				GCC_NO_COMMON_BLOCKS = YES;
				GCC_OPTIMIZATION_LEVEL = 0;
				GCC_PREPROCESSOR_DEFINITIONS = (
					"DEBUG=1",
					"$(inherited)",
				);
				GCC_WARN_64_TO_32_BIT_CONVERSION = YES;
				GCC_WARN_ABOUT_RETURN_TYPE = YES_ERROR;
				GCC_WARN_UNDECLARED_SELECTOR = YES;
				GCC_WARN_UNINITIALIZED_AUTOS = YES_AGGRESSIVE;
				GCC_WARN_UNUSED_FUNCTION = YES;
				GCC_WARN_UNUSED_VARIABLE = YES;
				LOCALIZATION_PREFERS_STRING_CATALOGS = YES;
				MTL_ENABLE_DEBUG_INFO = INCLUDE_SOURCE;
				MTL_FAST_MATH = YES;
				ONLY_ACTIVE_ARCH = YES;
				SWIFT_ACTIVE_COMPILATION_CONDITIONS = "DEBUG $(inherited)";
				SWIFT_OPTIMIZATION_LEVEL = "-Onone";
			};
			name = Debug;
		};
		6500DD592CE0D08F0047D5BA /* Release */ = {
			isa = XCBuildConfiguration;
			buildSettings = {
				ALWAYS_SEARCH_USER_PATHS = NO;
				ASSETCATALOG_COMPILER_GENERATE_SWIFT_ASSET_SYMBOL_EXTENSIONS = YES;
				CLANG_ANALYZER_NONNULL = YES;
				CLANG_ANALYZER_NUMBER_OBJECT_CONVERSION = YES_AGGRESSIVE;
				CLANG_CXX_LANGUAGE_STANDARD = "gnu++20";
				CLANG_ENABLE_MODULES = YES;
				CLANG_ENABLE_OBJC_ARC = YES;
				CLANG_ENABLE_OBJC_WEAK = YES;
				CLANG_WARN_BLOCK_CAPTURE_AUTORELEASING = YES;
				CLANG_WARN_BOOL_CONVERSION = YES;
				CLANG_WARN_COMMA = YES;
				CLANG_WARN_CONSTANT_CONVERSION = YES;
				CLANG_WARN_DEPRECATED_OBJC_IMPLEMENTATIONS = YES;
				CLANG_WARN_DIRECT_OBJC_ISA_USAGE = YES_ERROR;
				CLANG_WARN_DOCUMENTATION_COMMENTS = YES;
				CLANG_WARN_EMPTY_BODY = YES;
				CLANG_WARN_ENUM_CONVERSION = YES;
				CLANG_WARN_INFINITE_RECURSION = YES;
				CLANG_WARN_INT_CONVERSION = YES;
				CLANG_WARN_NON_LITERAL_NULL_CONVERSION = YES;
				CLANG_WARN_OBJC_IMPLICIT_RETAIN_SELF = YES;
				CLANG_WARN_OBJC_LITERAL_CONVERSION = YES;
				CLANG_WARN_OBJC_ROOT_CLASS = YES_ERROR;
				CLANG_WARN_QUOTED_INCLUDE_IN_FRAMEWORK_HEADER = YES;
				CLANG_WARN_RANGE_LOOP_ANALYSIS = YES;
				CLANG_WARN_STRICT_PROTOTYPES = YES;
				CLANG_WARN_SUSPICIOUS_MOVE = YES;
				CLANG_WARN_UNGUARDED_AVAILABILITY = YES_AGGRESSIVE;
				CLANG_WARN_UNREACHABLE_CODE = YES;
				CLANG_WARN__DUPLICATE_METHOD_MATCH = YES;
				COPY_PHASE_STRIP = NO;
				DEBUG_INFORMATION_FORMAT = "dwarf-with-dsym";
				ENABLE_NS_ASSERTIONS = NO;
				ENABLE_STRICT_OBJC_MSGSEND = YES;
				ENABLE_USER_SCRIPT_SANDBOXING = YES;
				GCC_C_LANGUAGE_STANDARD = gnu17;
				GCC_NO_COMMON_BLOCKS = YES;
				GCC_WARN_64_TO_32_BIT_CONVERSION = YES;
				GCC_WARN_ABOUT_RETURN_TYPE = YES_ERROR;
				GCC_WARN_UNDECLARED_SELECTOR = YES;
				GCC_WARN_UNINITIALIZED_AUTOS = YES_AGGRESSIVE;
				GCC_WARN_UNUSED_FUNCTION = YES;
				GCC_WARN_UNUSED_VARIABLE = YES;
				LOCALIZATION_PREFERS_STRING_CATALOGS = YES;
				MTL_ENABLE_DEBUG_INFO = NO;
				MTL_FAST_MATH = YES;
				SWIFT_COMPILATION_MODE = wholemodule;
			};
			name = Release;
		};
		6500DD5B2CE0D08F0047D5BA /* Debug */ = {
			isa = XCBuildConfiguration;
			baseConfigurationReference = 4D8AE7B39BA9E10E7DCED7AD /* Pods-SkinCancerDetector.debug.xcconfig */;
			buildSettings = {
				ASSETCATALOG_COMPILER_APPICON_NAME = AppIcon;
				ASSETCATALOG_COMPILER_GLOBAL_ACCENT_COLOR_NAME = AccentColor;
				CLANG_ENABLE_MODULES = YES;
				CODE_SIGN_ENTITLEMENTS = SkinCancerDetector/SkinCancerDetector.entitlements;
				CODE_SIGN_STYLE = Automatic;
				CURRENT_PROJECT_VERSION = 1;
				DEVELOPMENT_ASSET_PATHS = "\"SkinCancerDetector/Preview Content\"";
				DEVELOPMENT_TEAM = PRK6268SLD;
				ENABLE_HARDENED_RUNTIME = YES;
				ENABLE_PREVIEWS = YES;
				GENERATE_INFOPLIST_FILE = YES;
				INFOPLIST_KEY_NSCameraUsageDescription = "Take pictures to classify the image";
				"INFOPLIST_KEY_UIApplicationSceneManifest_Generation[sdk=iphoneos*]" = YES;
				"INFOPLIST_KEY_UIApplicationSceneManifest_Generation[sdk=iphonesimulator*]" = YES;
				"INFOPLIST_KEY_UIApplicationSupportsIndirectInputEvents[sdk=iphoneos*]" = YES;
				"INFOPLIST_KEY_UIApplicationSupportsIndirectInputEvents[sdk=iphonesimulator*]" = YES;
				"INFOPLIST_KEY_UILaunchScreen_Generation[sdk=iphoneos*]" = YES;
				"INFOPLIST_KEY_UILaunchScreen_Generation[sdk=iphonesimulator*]" = YES;
				"INFOPLIST_KEY_UIStatusBarStyle[sdk=iphoneos*]" = UIStatusBarStyleDefault;
				"INFOPLIST_KEY_UIStatusBarStyle[sdk=iphonesimulator*]" = UIStatusBarStyleDefault;
				INFOPLIST_KEY_UISupportedInterfaceOrientations_iPad = "UIInterfaceOrientationPortrait UIInterfaceOrientationPortraitUpsideDown UIInterfaceOrientationLandscapeLeft UIInterfaceOrientationLandscapeRight";
				INFOPLIST_KEY_UISupportedInterfaceOrientations_iPhone = "UIInterfaceOrientationPortrait UIInterfaceOrientationLandscapeLeft UIInterfaceOrientationLandscapeRight";
				IPHONEOS_DEPLOYMENT_TARGET = 16.0;
				LD_RUNPATH_SEARCH_PATHS = "@executable_path/Frameworks";
				"LD_RUNPATH_SEARCH_PATHS[sdk=macosx*]" = "@executable_path/../Frameworks";
				MACOSX_DEPLOYMENT_TARGET = 15.0;
				MARKETING_VERSION = 1.0;
				PRODUCT_BUNDLE_IDENTIFIER = "com.illescas-daniel.SkinCancerDetector";
				PRODUCT_NAME = "$(TARGET_NAME)";
				SDKROOT = auto;
				SUPPORTED_PLATFORMS = "iphoneos iphonesimulator macosx xros xrsimulator";
				SWIFT_EMIT_LOC_STRINGS = YES;
				SWIFT_OBJC_BRIDGING_HEADER = "SkinCancerDetector/SkinCancerDetector-Bridging-Header.h";
				SWIFT_OPTIMIZATION_LEVEL = "-Onone";
				SWIFT_VERSION = 5.0;
				TARGETED_DEVICE_FAMILY = "1,2,7";
				XROS_DEPLOYMENT_TARGET = 2.0;
			};
			name = Debug;
		};
		6500DD5C2CE0D08F0047D5BA /* Release */ = {
			isa = XCBuildConfiguration;
			baseConfigurationReference = 14ADA488747C816F03E9EC68 /* Pods-SkinCancerDetector.release.xcconfig */;
			buildSettings = {
				ASSETCATALOG_COMPILER_APPICON_NAME = AppIcon;
				ASSETCATALOG_COMPILER_GLOBAL_ACCENT_COLOR_NAME = AccentColor;
				CLANG_ENABLE_MODULES = YES;
				CODE_SIGN_ENTITLEMENTS = SkinCancerDetector/SkinCancerDetector.entitlements;
				CODE_SIGN_STYLE = Automatic;
				CURRENT_PROJECT_VERSION = 1;
				DEVELOPMENT_ASSET_PATHS = "\"SkinCancerDetector/Preview Content\"";
				DEVELOPMENT_TEAM = PRK6268SLD;
				ENABLE_HARDENED_RUNTIME = YES;
				ENABLE_PREVIEWS = YES;
				GENERATE_INFOPLIST_FILE = YES;
				INFOPLIST_KEY_NSCameraUsageDescription = "Take pictures to classify the image";
				"INFOPLIST_KEY_UIApplicationSceneManifest_Generation[sdk=iphoneos*]" = YES;
				"INFOPLIST_KEY_UIApplicationSceneManifest_Generation[sdk=iphonesimulator*]" = YES;
				"INFOPLIST_KEY_UIApplicationSupportsIndirectInputEvents[sdk=iphoneos*]" = YES;
				"INFOPLIST_KEY_UIApplicationSupportsIndirectInputEvents[sdk=iphonesimulator*]" = YES;
				"INFOPLIST_KEY_UILaunchScreen_Generation[sdk=iphoneos*]" = YES;
				"INFOPLIST_KEY_UILaunchScreen_Generation[sdk=iphonesimulator*]" = YES;
				"INFOPLIST_KEY_UIStatusBarStyle[sdk=iphoneos*]" = UIStatusBarStyleDefault;
				"INFOPLIST_KEY_UIStatusBarStyle[sdk=iphonesimulator*]" = UIStatusBarStyleDefault;
				INFOPLIST_KEY_UISupportedInterfaceOrientations_iPad = "UIInterfaceOrientationPortrait UIInterfaceOrientationPortraitUpsideDown UIInterfaceOrientationLandscapeLeft UIInterfaceOrientationLandscapeRight";
				INFOPLIST_KEY_UISupportedInterfaceOrientations_iPhone = "UIInterfaceOrientationPortrait UIInterfaceOrientationLandscapeLeft UIInterfaceOrientationLandscapeRight";
				IPHONEOS_DEPLOYMENT_TARGET = 16.0;
				LD_RUNPATH_SEARCH_PATHS = "@executable_path/Frameworks";
				"LD_RUNPATH_SEARCH_PATHS[sdk=macosx*]" = "@executable_path/../Frameworks";
				MACOSX_DEPLOYMENT_TARGET = 15.0;
				MARKETING_VERSION = 1.0;
				PRODUCT_BUNDLE_IDENTIFIER = "com.illescas-daniel.SkinCancerDetector";
				PRODUCT_NAME = "$(TARGET_NAME)";
				SDKROOT = auto;
				SUPPORTED_PLATFORMS = "iphoneos iphonesimulator macosx xros xrsimulator";
				SWIFT_EMIT_LOC_STRINGS = YES;
				SWIFT_OBJC_BRIDGING_HEADER = "SkinCancerDetector/SkinCancerDetector-Bridging-Header.h";
				SWIFT_VERSION = 5.0;
				TARGETED_DEVICE_FAMILY = "1,2,7";
				XROS_DEPLOYMENT_TARGET = 2.0;
			};
			name = Release;
		};
		6500DD5E2CE0D08F0047D5BA /* Debug */ = {
			isa = XCBuildConfiguration;
			baseConfigurationReference = B34BDCE567E758737EDDC02B /* Pods-SkinCancerDetectorTests.debug.xcconfig */;
			buildSettings = {
				BUNDLE_LOADER = "$(TEST_HOST)";
				CODE_SIGN_STYLE = Automatic;
				CURRENT_PROJECT_VERSION = 1;
				DEVELOPMENT_TEAM = PRK6268SLD;
				GENERATE_INFOPLIST_FILE = YES;
				IPHONEOS_DEPLOYMENT_TARGET = 18.0;
				MACOSX_DEPLOYMENT_TARGET = 15.0;
				MARKETING_VERSION = 1.0;
				PRODUCT_BUNDLE_IDENTIFIER = "com.illescas-daniel.SkinCancerDetectorTests";
				PRODUCT_NAME = "$(TARGET_NAME)";
				SDKROOT = auto;
				SUPPORTED_PLATFORMS = "iphoneos iphonesimulator macosx xros xrsimulator";
				SWIFT_EMIT_LOC_STRINGS = NO;
				SWIFT_VERSION = 5.0;
				TARGETED_DEVICE_FAMILY = "1,2,7";
				TEST_HOST = "$(BUILT_PRODUCTS_DIR)/SkinCancerDetector.app/$(BUNDLE_EXECUTABLE_FOLDER_PATH)/SkinCancerDetector";
				XROS_DEPLOYMENT_TARGET = 2.0;
			};
			name = Debug;
		};
		6500DD5F2CE0D08F0047D5BA /* Release */ = {
			isa = XCBuildConfiguration;
			baseConfigurationReference = 50742BD8959AAED0AC0F6B7B /* Pods-SkinCancerDetectorTests.release.xcconfig */;
			buildSettings = {
				BUNDLE_LOADER = "$(TEST_HOST)";
				CODE_SIGN_STYLE = Automatic;
				CURRENT_PROJECT_VERSION = 1;
				DEVELOPMENT_TEAM = PRK6268SLD;
				GENERATE_INFOPLIST_FILE = YES;
				IPHONEOS_DEPLOYMENT_TARGET = 18.0;
				MACOSX_DEPLOYMENT_TARGET = 15.0;
				MARKETING_VERSION = 1.0;
				PRODUCT_BUNDLE_IDENTIFIER = "com.illescas-daniel.SkinCancerDetectorTests";
				PRODUCT_NAME = "$(TARGET_NAME)";
				SDKROOT = auto;
				SUPPORTED_PLATFORMS = "iphoneos iphonesimulator macosx xros xrsimulator";
				SWIFT_EMIT_LOC_STRINGS = NO;
				SWIFT_VERSION = 5.0;
				TARGETED_DEVICE_FAMILY = "1,2,7";
				TEST_HOST = "$(BUILT_PRODUCTS_DIR)/SkinCancerDetector.app/$(BUNDLE_EXECUTABLE_FOLDER_PATH)/SkinCancerDetector";
				XROS_DEPLOYMENT_TARGET = 2.0;
			};
			name = Release;
		};
		6500DD612CE0D08F0047D5BA /* Debug */ = {
			isa = XCBuildConfiguration;
			baseConfigurationReference = 71D68B548AD8AF9918839E74 /* Pods-SkinCancerDetector-SkinCancerDetectorUITests.debug.xcconfig */;
			buildSettings = {
				CODE_SIGN_STYLE = Automatic;
				CURRENT_PROJECT_VERSION = 1;
				DEVELOPMENT_TEAM = PRK6268SLD;
				GENERATE_INFOPLIST_FILE = YES;
				IPHONEOS_DEPLOYMENT_TARGET = 18.0;
				MACOSX_DEPLOYMENT_TARGET = 15.0;
				MARKETING_VERSION = 1.0;
				PRODUCT_BUNDLE_IDENTIFIER = "com.illescas-daniel.SkinCancerDetectorUITests";
				PRODUCT_NAME = "$(TARGET_NAME)";
				SDKROOT = auto;
				SUPPORTED_PLATFORMS = "iphoneos iphonesimulator macosx xros xrsimulator";
				SWIFT_EMIT_LOC_STRINGS = NO;
				SWIFT_VERSION = 5.0;
				TARGETED_DEVICE_FAMILY = "1,2,7";
				TEST_TARGET_NAME = SkinCancerDetector;
				XROS_DEPLOYMENT_TARGET = 2.0;
			};
			name = Debug;
		};
		6500DD622CE0D08F0047D5BA /* Release */ = {
			isa = XCBuildConfiguration;
			baseConfigurationReference = F48157772EDD59B525BB5602 /* Pods-SkinCancerDetector-SkinCancerDetectorUITests.release.xcconfig */;
			buildSettings = {
				CODE_SIGN_STYLE = Automatic;
				CURRENT_PROJECT_VERSION = 1;
				DEVELOPMENT_TEAM = PRK6268SLD;
				GENERATE_INFOPLIST_FILE = YES;
				IPHONEOS_DEPLOYMENT_TARGET = 18.0;
				MACOSX_DEPLOYMENT_TARGET = 15.0;
				MARKETING_VERSION = 1.0;
				PRODUCT_BUNDLE_IDENTIFIER = "com.illescas-daniel.SkinCancerDetectorUITests";
				PRODUCT_NAME = "$(TARGET_NAME)";
				SDKROOT = auto;
				SUPPORTED_PLATFORMS = "iphoneos iphonesimulator macosx xros xrsimulator";
				SWIFT_EMIT_LOC_STRINGS = NO;
				SWIFT_VERSION = 5.0;
				TARGETED_DEVICE_FAMILY = "1,2,7";
				TEST_TARGET_NAME = SkinCancerDetector;
				XROS_DEPLOYMENT_TARGET = 2.0;
			};
			name = Release;
		};
/* End XCBuildConfiguration section */

/* Begin XCConfigurationList section */
		6500DD302CE0D08E0047D5BA /* Build configuration list for PBXProject "SkinCancerDetector" */ = {
			isa = XCConfigurationList;
			buildConfigurations = (
				6500DD582CE0D08F0047D5BA /* Debug */,
				6500DD592CE0D08F0047D5BA /* Release */,
			);
			defaultConfigurationIsVisible = 0;
			defaultConfigurationName = Release;
		};
		6500DD5A2CE0D08F0047D5BA /* Build configuration list for PBXNativeTarget "SkinCancerDetector" */ = {
			isa = XCConfigurationList;
			buildConfigurations = (
				6500DD5B2CE0D08F0047D5BA /* Debug */,
				6500DD5C2CE0D08F0047D5BA /* Release */,
			);
			defaultConfigurationIsVisible = 0;
			defaultConfigurationName = Release;
		};
		6500DD5D2CE0D08F0047D5BA /* Build configuration list for PBXNativeTarget "SkinCancerDetectorTests" */ = {
			isa = XCConfigurationList;
			buildConfigurations = (
				6500DD5E2CE0D08F0047D5BA /* Debug */,
				6500DD5F2CE0D08F0047D5BA /* Release */,
			);
			defaultConfigurationIsVisible = 0;
			defaultConfigurationName = Release;
		};
		6500DD602CE0D08F0047D5BA /* Build configuration list for PBXNativeTarget "SkinCancerDetectorUITests" */ = {
			isa = XCConfigurationList;
			buildConfigurations = (
				6500DD612CE0D08F0047D5BA /* Debug */,
				6500DD622CE0D08F0047D5BA /* Release */,
			);
			defaultConfigurationIsVisible = 0;
			defaultConfigurationName = Release;
		};
/* End XCConfigurationList section */
	};
	rootObject = 6500DD2D2CE0D08E0047D5BA /* Project object */;
}
